# NOTICE: This lockfile contains some overrides from shard.override.yml
version: 2.0
shards:
  CrystalEmail:
    git: https://github.com/Nephos/CrystalEmail.git
    version: 0.2.4

  action-controller:
    git: https://github.com/spider-gazelle/action-controller.git
    version: 3.5.2

  active-model:
    git: https://github.com/spider-gazelle/active-model.git
    version: 2.0.3

  awscr-s3:
    git: https://github.com/taylorfinnell/awscr-s3.git
    version: 0.8.0

  awscr-signer:
    git: https://github.com/taylorfinnell/awscr-signer.git
    version: 0.7.0

  bindata:
    git: https://github.com/spider-gazelle/bindata.git
    version: 1.8.1

  cron_parser:
    git: https://github.com/kostya/cron_parser.git
    version: 0.3.0

  db:
    git: https://github.com/crystal-lang/crystal-db.git
    version: 0.10.0

  etcd:
    git: https://github.com/place-labs/crystal-etcd.git
    version: 1.0.4

  exec_from:
    git: https://github.com/place-labs/exec_from.git
    version: 1.2.0

  faker:
    git: https://github.com/askn/faker.git
    version: 0.4.1

  future:
    git: https://github.com/crystal-community/future.cr.git
    version: 0.1.0

  habitat:
    git: https://github.com/luckyframework/habitat.git
    version: 0.4.4

  http-params-serializable:
    git: https://github.com/caspiano/http-params-serializable.git
    version: 0.4.1+git.commit.1610a206f676269c1b862281cda3ed82548ced34

  json_mapping:
    git: https://github.com/crystal-lang/json_mapping.cr.git
    version: 0.1.0

  jwt:
    git: https://github.com/crystal-community/jwt.git
    version: 1.5.0

  log_helper:
    git: https://github.com/spider-gazelle/log_helper.git
    version: 1.0.2

  lucky_router:
    git: https://github.com/luckyframework/lucky_router.git
    version: 0.4.0

  neuroplastic:
    git: https://github.com/spider-gazelle/neuroplastic.git
    version: 1.7.1

  openssl_ext:
    git: https://github.com/spider-gazelle/openssl_ext.git
    version: 2.1.0

  placeos-models:
    git: https://github.com/placeos/models.git
    version: 4.10.2

  rethinkdb:
    git: https://github.com/kingsleyh/crystal-rethinkdb.git
    version: 0.2.1

  rethinkdb-orm:
    git: https://github.com/spider-gazelle/rethinkdb-orm.git
    version: 3.2.1

  retriable: # Overridden
    git: https://github.com/Sija/retriable.cr.git
    version: 0.2.2

  sam:
    git: https://github.com/imdrasil/sam.cr.git
    version: 0.4.0

  simple_retry:
    git: https://github.com/spider-gazelle/simple_retry.git
    version: 1.1.0

  tasker:
    git: https://github.com/spider-gazelle/tasker.git
    version: 2.0.2

  tokenizer:
    git: https://github.com/spider-gazelle/tokenizer.git
    version: 1.1.0

  yaml_mapping:
    git: https://github.com/crystal-lang/yaml_mapping.cr.git
    version: 0.1.0

