# NOTICE: This lockfile contains some overrides from shard.override.yml
version: 2.0
shards:
  CrystalEmail:
    git: https://github.com/place-labs/crystalemail.git
    version: 0.2.6

  action-controller:
    git: https://github.com/spider-gazelle/action-controller.git
    version: 4.10.1

  active-model:
    git: https://github.com/spider-gazelle/active-model.git
    version: 4.2.3

  awscr-s3:
    git: https://github.com/taylorfinnell/awscr-s3.git
    version: 0.8.3

  awscr-signer:
    git: https://github.com/taylorfinnell/awscr-signer.git
    version: 0.8.2

  backtracer:
    git: https://github.com/sija/backtracer.cr.git
    version: 1.2.2

  bindata:
    git: https://github.com/spider-gazelle/bindata.git
    version: 1.11.1

  connect-proxy:
    git: https://github.com/spider-gazelle/connect-proxy.git
    version: 2.0.0

  cron_parser:
    git: https://github.com/kostya/cron_parser.git
    version: 0.4.0

  crystar:
    git: https://github.com/naqvis/crystar.git
    version: 0.3.0

  csuuid:
    git: https://github.com/wyhaines/csuuid.cr.git
    version: 1.0.0+git.commit.812ee5e1252b27ee2895ec7897094cde3e4a5dc2

  db:
    git: https://github.com/crystal-lang/crystal-db.git
    version: 0.10.1

  debug:
    git: https://github.com/sija/debug.cr.git
    version: 2.0.2

  defined:
    git: https://github.com/wyhaines/defined.cr.git
    version: 0.3.6

  ed25519:
    git: https://github.com/spider-gazelle/ed25519.git
    version: 1.0.3

  etcd:
    git: https://github.com/place-labs/crystal-etcd.git
    version: 1.2.5

  eventbus:
    git: https://github.com/spider-gazelle/eventbus.git
    version: 0.9.9+git.commit.086b2ba92475b88e8481b0387eb56c735cbfd7bd

  exception_page:
    git: https://github.com/crystal-loot/exception_page.git
    version: 0.3.0

  exec_from:
    git: https://github.com/place-labs/exec_from.git
    version: 2.0.0

  faker:
    git: https://github.com/askn/faker.git
    version: 0.8.0

  future:
    git: https://github.com/crystal-community/future.cr.git
    version: 1.0.0

  habitat:
    git: https://github.com/luckyframework/habitat.git
    version: 0.4.7

  http-params-serializable:
    git: https://github.com/place-labs/http-params-serializable.git
    version: 0.5.0

  json-merge-patch:
    git: https://github.com/caspiano/json-merge-patch.git
    version: 0.1.1

  jwt:
    git: https://github.com/crystal-community/jwt.git
    version: 1.6.0

  log_helper:
    git: https://github.com/spider-gazelle/log_helper.git
    version: 1.0.3

  lucky_router:
    git: https://github.com/luckyframework/lucky_router.git
    version: 0.5.1

  micrate:
    git: https://github.com/amberframework/micrate.git
    version: 0.12.0

  nbchannel:
    git: https://github.com/wyhaines/nbchannel.cr.git
    version: 0.1.0+git.commit.ea6517a837270361695244d14c4b03d84660f113

  neuroplastic:
    git: https://github.com/spider-gazelle/neuroplastic.git
    version: 1.12.2

  open_api:
    git: https://github.com/elbywan/open_api.cr.git
    version: 1.3.0

  openapi-generator:
    git: https://github.com/place-labs/openapi-generator.git
    version: 2.1.0+git.commit.a65ffc2f7dcc6a393e7d1f9229650b520d9525be

  openssl_ext:
    git: https://github.com/spider-gazelle/openssl_ext.git
    version: 2.2.1

  opentelemetry-api:
    git: https://github.com/wyhaines/opentelemetry-api.cr.git
    version: 0.5.0

  opentelemetry-instrumentation:
    git: https://github.com/wyhaines/opentelemetry-instrumentation.cr.git
    version: 0.5.1+git.commit.30000cdca2d17db6f42db2eafc49f109f57a5afc

  opentelemetry-sdk:
    git: https://github.com/wyhaines/opentelemetry-sdk.cr.git
    version: 0.5.1

  pars:
    git: https://github.com/spider-gazelle/pars.git
    version: 1.1.0

  parse_date:
    git: https://github.com/wyhaines/parsedate.cr.git
    version: 0.1.2

  pg:
    git: https://github.com/will/crystal-pg.git
    version: 0.25.0

  pg-orm:
    git: https://github.com/spider-gazelle/pg-orm.git
    version: 1.0.0+git.commit.2bbafec9579f175880281279d33168360176540c

  placeos-log-backend:
    git: https://github.com/place-labs/log-backend.git
    version: 0.11.0

  placeos-models: # Overridden
    git: https://github.com/placeos/models.git
    version: 8.13.1+git.commit.4eece1fc1d4fd2bf95bbe97bec8946d5e924c351

  pool:
    git: https://github.com/ysbaddaden/pool.git
    version: 0.2.4

  protobuf:
    git: https://github.com/jeromegn/protobuf.cr.git
    version: 2.3.0

  redis:
    git: https://github.com/stefanwille/crystal-redis.git
    version: 2.8.3

  retriable: # Overridden
    git: https://github.com/sija/retriable.cr.git
    version: 0.2.4

  sam:
    git: https://github.com/imdrasil/sam.cr.git
    version: 0.4.2

  simple_retry:
    git: https://github.com/spider-gazelle/simple_retry.git
    version: 1.1.1

  splay_tree_map:
    git: https://github.com/wyhaines/splay_tree_map.cr.git
    version: 0.2.2

  tasker:
    git: https://github.com/spider-gazelle/tasker.git
    version: 2.0.7

  time-ext:
    git: https://github.com/wyhaines/time-ext.cr.git
    version: 0.1.0+git.commit.175f658235fb6cdc9c804cb96da510fec27f4cd6

  tokenizer:
    git: https://github.com/spider-gazelle/tokenizer.git
    version: 1.1.1

  tracer:
    git: https://github.com/wyhaines/tracer.cr.git
    version: 0.3.1

