# NOTICE: This lockfile contains some overrides from shard.override.yml
version: 2.0
shards:
  CrystalEmail:
    git: https://github.com/place-labs/crystalemail.git
    version: 0.2.6

  action-controller:
    git: https://github.com/spider-gazelle/action-controller.git
    version: 4.10.1

  active-model:
    git: https://github.com/spider-gazelle/active-model.git
    version: 4.0.0

  awscr-s3:
    git: https://github.com/taylorfinnell/awscr-s3.git
    version: 0.8.3

  awscr-signer:
    git: https://github.com/taylorfinnell/awscr-signer.git
    version: 0.8.2

  backtracer:
    git: https://github.com/sija/backtracer.cr.git
    version: 1.2.1

  bindata:
    git: https://github.com/spider-gazelle/bindata.git
    version: 1.10.0

  cron_parser:
    git: https://github.com/kostya/cron_parser.git
    version: 0.4.0

  crypto-secret: # Overridden
    git: https://github.com/didactic-drunk/crypto-secret.cr.git
    version: 0.2.0+git.commit.a5a5d9de0373466263301a7b79e0b14af7e3104c

  csuuid:
    git: https://github.com/wyhaines/csuuid.cr.git
    version: 1.0.0+git.commit.812ee5e1252b27ee2895ec7897094cde3e4a5dc2

  db:
    git: https://github.com/crystal-lang/crystal-db.git
    version: 0.11.0

  debug:
    git: https://github.com/sija/debug.cr.git
    version: 2.0.2

  defined:
    git: https://github.com/wyhaines/defined.cr.git
    version: 0.3.6

  etcd:
    git: https://github.com/place-labs/crystal-etcd.git
    version: 1.2.5

  exception_page:
    git: https://github.com/crystal-loot/exception_page.git
    version: 0.3.0

  exec_from:
    git: https://github.com/place-labs/exec_from.git
    version: 2.0.0

  faker:
    git: https://github.com/askn/faker.git
    version: 0.8.0

  future:
    git: https://github.com/crystal-community/future.cr.git
    version: 1.0.0

  habitat:
    git: https://github.com/luckyframework/habitat.git
    version: 0.4.7

  http-params-serializable:
    git: https://github.com/place-labs/http-params-serializable.git
    version: 0.5.0

  json-merge-patch:
    git: https://github.com/caspiano/json-merge-patch.git
    version: 0.1.1

  jwt:
    git: https://github.com/crystal-community/jwt.git
    version: 1.6.0

  log_helper:
    git: https://github.com/spider-gazelle/log_helper.git
    version: 1.0.3

  lucky_router:
    git: https://github.com/luckyframework/lucky_router.git
    version: 0.5.1

  nbchannel:
    git: https://github.com/wyhaines/nbchannel.cr.git
    version: 0.1.0+git.commit.ea6517a837270361695244d14c4b03d84660f113

  neuroplastic:
    git: https://github.com/spider-gazelle/neuroplastic.git
    version: 1.12.0

  open_api:
    git: https://github.com/elbywan/open_api.cr.git
    version: 1.3.0

  openapi-generator:
    git: https://github.com/place-labs/openapi-generator.git
    version: 2.1.0+git.commit.a65ffc2f7dcc6a393e7d1f9229650b520d9525be

  openssl_ext:
    git: https://github.com/spider-gazelle/openssl_ext.git
    version: 2.1.5

  opentelemetry-api:
    git: https://github.com/wyhaines/opentelemetry-api.cr.git
    version: 0.5.0

  opentelemetry-instrumentation:
    git: https://github.com/wyhaines/opentelemetry-instrumentation.cr.git
    version: 0.3.5

  pars:
    git: https://github.com/spider-gazelle/pars.git
    version: 1.1.0

  parse_date:
    git: https://github.com/wyhaines/parsedate.cr.git
    version: 0.1.2

  placeos-log-backend:
    git: https://github.com/place-labs/log-backend.git
    version: 0.10.5

  placeos-models:
    git: https://github.com/placeos/models.git
    version: 8.11.0

  rethinkdb:
    git: https://github.com/kingsleyh/crystal-rethinkdb.git
    version: 0.3.1

  rethinkdb-orm:
    git: https://github.com/spider-gazelle/rethinkdb-orm.git
    version: 6.0.4

  retriable: # Overridden
    git: https://github.com/sija/retriable.cr.git
    version: 0.2.4

  sam:
    git: https://github.com/imdrasil/sam.cr.git
    version: 0.4.2

  simple_retry:
    git: https://github.com/spider-gazelle/simple_retry.git
    version: 1.1.1

  sodium:
    git: https://github.com/place-labs/sodium.cr.git
    version: 1.2.3+git.commit.f8e12cd435b170d1b02797b9293bd5da4ba88b07

  splay_tree_map:
    git: https://github.com/wyhaines/splay_tree_map.cr.git
    version: 0.2.2

  tasker:
    git: https://github.com/spider-gazelle/tasker.git
    version: 2.0.5

  time-ext:
    git: https://github.com/wyhaines/time-ext.cr.git
    version: 0.1.0+git.commit.175f658235fb6cdc9c804cb96da510fec27f4cd6

  tokenizer:
    git: https://github.com/spider-gazelle/tokenizer.git
    version: 1.1.1

  tracer:
    git: https://github.com/wyhaines/tracer.cr.git
    version: 0.3.1

